
Microsoft Visual Studio Solution File, Format Version 12.00
# Visual Studio Version 17
VisualStudioVersion = 17.9.34723.18
MinimumVisualStudioVersion = 10.0.40219.1
Project("{9A19103F-16F7-4668-BE54-9A1E7A4F7556}") = "CompWolf.Docs.Server", "CompWolf.Docs.Server\CompWolf.Docs.Server.csproj", "{2084F26F-AB0F-4304-ACC1-F1E24A49F35D}"
EndProject
Project("{54A90642-561A-4BB1-A94E-469ADEE60C69}") = "compwolf.docs.client", "compwolf.docs.client\compwolf.docs.client.esproj", "{B431654B-9EB7-4D5F-9DA2-03ADF15D696E}"
	ProjectSection(ProjectDependencies) = postProject
		{2084F26F-AB0F-4304-ACC1-F1E24A49F35D} = {2084F26F-AB0F-4304-ACC1-F1E24A49F35D}
	EndProjectSection
EndProject
Global
	GlobalSection(SolutionConfigurationPlatforms) = preSolution
		Debug|Any CPU = Debug|Any CPU
		Release|Any CPU = Release|Any CPU
	EndGlobalSection
	GlobalSection(ProjectConfigurationPlatforms) = postSolution
		{2084F26F-AB0F-4304-ACC1-F1E24A49F35D}.Debug|Any CPU.ActiveCfg = Debug|Any CPU
		{2084F26F-AB0F-4304-ACC1-F1E24A49F35D}.Debug|Any CPU.Build.0 = Debug|Any CPU
		{2084F26F-AB0F-4304-ACC1-F1E24A49F35D}.Release|Any CPU.ActiveCfg = Release|Any CPU
		{2084F26F-AB0F-4304-ACC1-F1E24A49F35D}.Release|Any CPU.Build.0 = Release|Any CPU
		{B431654B-9EB7-4D5F-9DA2-03ADF15D696E}.Debug|Any CPU.ActiveCfg = Debug|Any CPU
		{B431654B-9EB7-4D5F-9DA2-03ADF15D696E}.Debug|Any CPU.Build.0 = Debug|Any CPU
		{B431654B-9EB7-4D5F-9DA2-03ADF15D696E}.Debug|Any CPU.Deploy.0 = Debug|Any CPU
		{B431654B-9EB7-4D5F-9DA2-03ADF15D696E}.Release|Any CPU.ActiveCfg = Release|Any CPU
		{B431654B-9EB7-4D5F-9DA2-03ADF15D696E}.Release|Any CPU.Build.0 = Release|Any CPU
		{B431654B-9EB7-4D5F-9DA2-03ADF15D696E}.Release|Any CPU.Deploy.0 = Release|Any CPU
	EndGlobalSection
	GlobalSection(SolutionProperties) = preSolution
		HideSolutionNode = FALSE
	EndGlobalSection
	GlobalSection(ExtensibilityGlobals) = postSolution
		SolutionGuid = {508E5AFB-748B-40C1-9306-BF97180FD910}
	EndGlobalSection
EndGlobal
